# This file is generated by running "yarn install" inside your project.
# Manual changes might be lost - proceed with caution!

__metadata:
  version: 6
  cacheKey: 8

"@types/node@npm:^17.0.36":
  version: 17.0.36
  resolution: "@types/node@npm:17.0.36"
  checksum: 11055fde0a1e1421113849b5e32c7022911efc0be670729947bf0162970e79962d804b1eb8a9afb291380cac97cf0e684511415d586ae5fe1560322c940fe188
  languageName: node
  linkType: hard

"data-uri-to-buffer@npm:^4.0.0":
  version: 4.0.0
  resolution: "data-uri-to-buffer@npm:4.0.0"
  checksum: a010653869abe8bb51259432894ac62c52bf79ad761d418d94396f48c346f2ae739c46b254e8bb5987bded8a653d467db1968db3a69bab1d33aa5567baa5cfc7
  languageName: node
  linkType: hard

"dotenv@npm:^16.0.1":
  version: 16.0.1
  resolution: "dotenv@npm:16.0.1"
  checksum: f459ffce07b977b7f15d8cc4ee69cdff77d4dd8c5dc8c85d2d485ee84655352c2415f9dd09d42b5b5985ced3be186130871b34e2f3e2569ebc72fbc2e8096792
  languageName: node
  linkType: hard

"fetch-blob@npm:^3.1.2, fetch-blob@npm:^3.1.4":
  version: 3.1.5
  resolution: "fetch-blob@npm:3.1.5"
  dependencies:
    node-domexception: ^1.0.0
    web-streams-polyfill: ^3.0.3
  checksum: 6493f21bfe196798343431d20c0284835202728d076dd2cbf502a2846679f9265f3b0c3a7224750ae1a770b925da09e592b05fe7c3a22ca27794a39a0039ab21
  languageName: node
  linkType: hard

"formdata-polyfill@npm:^4.0.10":
  version: 4.0.10
  resolution: "formdata-polyfill@npm:4.0.10"
  dependencies:
    fetch-blob: ^3.1.2
  checksum: 82a34df292afadd82b43d4a740ce387bc08541e0a534358425193017bf9fb3567875dc5f69564984b1da979979b70703aa73dee715a17b6c229752ae736dd9db
  languageName: node
  linkType: hard

"jenkins-dwf@workspace:.":
  version: 0.0.0-use.local
  resolution: "jenkins-dwf@workspace:."
  dependencies:
    "@types/node": ^17.0.36
    dotenv: ^16.0.1
    moment: ^2.29.3
    node-fetch: ^3.2.4
    typescript: ^4.7.2
  languageName: unknown
  linkType: soft

"moment@npm:^2.29.3":
  version: 2.29.3
  resolution: "moment@npm:2.29.3"
  checksum: 2e780e36d9a1823c08a1b6313cbb08bd01ecbb2a9062095820a34f42c878991ccba53abaa6abb103fd5c01e763724f295162a8c50b7e95b4f1c992ef0772d3f0
  languageName: node
  linkType: hard

"node-domexception@npm:^1.0.0":
  version: 1.0.0
  resolution: "node-domexception@npm:1.0.0"
  checksum: ee1d37dd2a4eb26a8a92cd6b64dfc29caec72bff5e1ed9aba80c294f57a31ba4895a60fd48347cf17dd6e766da0ae87d75657dfd1f384ebfa60462c2283f5c7f
  languageName: node
  linkType: hard

"node-fetch@npm:^3.2.4":
  version: 3.2.4
  resolution: "node-fetch@npm:3.2.4"
  dependencies:
    data-uri-to-buffer: ^4.0.0
    fetch-blob: ^3.1.4
    formdata-polyfill: ^4.0.10
  checksum: cfc715441302167bd4a9c6d6f3ff8eecb65e5aeeccd55a690497dcce5f95ec017d65c5682414287cad3998a28b1bab4820dcbe51852902eaa5f15f3975562384
  languageName: node
  linkType: hard

"typescript@npm:^4.7.2":
  version: 4.7.2
  resolution: "typescript@npm:4.7.2"
  bin:
    tsc: bin/tsc
    tsserver: bin/tsserver
  checksum: 5163585e6b56410f77d5483b698d9489bbee8902c99029eb70cf6d21525a186530ce19a00951af84eefd4a131cc51d0959f5118e25e70ab61f45ac4057dbd1ef
  languageName: node
  linkType: hard

"typescript@patch:typescript@^4.7.2#~builtin<compat/typescript>":
  version: 4.7.2
  resolution: "typescript@patch:typescript@npm%3A4.7.2#~builtin<compat/typescript>::version=4.7.2&hash=bda367"
  bin:
    tsc: bin/tsc
    tsserver: bin/tsserver
  checksum: 09d93fc0983d38eadd9b0427f790b49b4437f45002a87d447be3fbe53120880e87a91dd03e1d900498f99205d6e0b7c9784fe41fca11d56f4bbce371f74bb160
  languageName: node
  linkType: hard

"web-streams-polyfill@npm:^3.0.3":
  version: 3.2.1
  resolution: "web-streams-polyfill@npm:3.2.1"
  checksum: b119c78574b6d65935e35098c2afdcd752b84268e18746606af149e3c424e15621b6f1ff0b42b2676dc012fc4f0d313f964b41a4b5031e525faa03997457da02
  languageName: node
  linkType: hard
